
Microsoft Visual Studio Solution File, Format Version 12.00
# Visual Studio 15
VisualStudioVersion = 15.0.28010.2048
MinimumVisualStudioVersion = 10.0.40219.1
Project("{FAE04EC0-301F-11D3-BF4B-00C04F79EFBC}") = "Final", "Final\Final.csproj", "{3841787B-2049-46A9-88CF-B52B9ACD85A1}"
EndProject
Global
	GlobalSection(SolutionConfigurationPlatforms) = preSolution
		Debug|Any CPU = Debug|Any CPU
		Release|Any CPU = Release|Any CPU
	EndGlobalSection
	GlobalSection(ProjectConfigurationPlatforms) = postSolution
		{3841787B-2049-46A9-88CF-B52B9ACD85A1}.Debug|Any CPU.ActiveCfg = Debug|Any CPU
		{3841787B-2049-46A9-88CF-B52B9ACD85A1}.Debug|Any CPU.Build.0 = Debug|Any CPU
		{3841787B-2049-46A9-88CF-B52B9ACD85A1}.Release|Any CPU.ActiveCfg = Release|Any CPU
		{3841787B-2049-46A9-88CF-B52B9ACD85A1}.Release|Any CPU.Build.0 = Release|Any CPU
	EndGlobalSection
	GlobalSection(SolutionProperties) = preSolution
		HideSolutionNode = FALSE
	EndGlobalSection
	GlobalSection(ExtensibilityGlobals) = postSolution
		SolutionGuid = {7C56DA75-3216-4311-BF3A-60E77991EF68}
	EndGlobalSection
EndGlobal
